
Microsoft Visual Studio Solution File, Format Version 12.00
# Visual Studio Version 16
VisualStudioVersion = 16.0.29102.190
MinimumVisualStudioVersion = 10.0.40219.1
Project("{FAE04EC0-301F-11D3-BF4B-00C04F79EFBC}") = "EntityFrameworkCoreProject2", "EntityFrameworkCoreProject2\EntityFrameworkCoreProject2.csproj", "{EB8E01AB-7B9B-44F7-B95B-9B4F2610A1A6}"
EndProject
Global
	GlobalSection(SolutionConfigurationPlatforms) = preSolution
		Debug|Any CPU = Debug|Any CPU
		Release|Any CPU = Release|Any CPU
	EndGlobalSection
	GlobalSection(ProjectConfigurationPlatforms) = postSolution
		{EB8E01AB-7B9B-44F7-B95B-9B4F2610A1A6}.Debug|Any CPU.ActiveCfg = Debug|Any CPU
		{EB8E01AB-7B9B-44F7-B95B-9B4F2610A1A6}.Debug|Any CPU.Build.0 = Debug|Any CPU
		{EB8E01AB-7B9B-44F7-B95B-9B4F2610A1A6}.Release|Any CPU.ActiveCfg = Release|Any CPU
		{EB8E01AB-7B9B-44F7-B95B-9B4F2610A1A6}.Release|Any CPU.Build.0 = Release|Any CPU
	EndGlobalSection
	GlobalSection(SolutionProperties) = preSolution
		HideSolutionNode = FALSE
	EndGlobalSection
	GlobalSection(ExtensibilityGlobals) = postSolution
		SolutionGuid = {D09436B1-691A-48FE-92A2-5D950A79817C}
	EndGlobalSection
EndGlobal
